
Microsoft Visual Studio Solution File, Format Version 12.00
# Visual Studio 15
VisualStudioVersion = 15.0.27703.2047
MinimumVisualStudioVersion = 10.0.40219.1
Project("{FAE04EC0-301F-11D3-BF4B-00C04F79EFBC}") = "api.seatarranger.com.Core", "api.seatarranger.com.Core\api.seatarranger.com.Core.csproj", "{07346AF3-58C4-4936-970E-F513ED8003A1}"
EndProject
Project("{9A19103F-16F7-4668-BE54-9A1E7A4F7556}") = "api.seatarranger.com.Core.Tests", "api.seatarranger.com.Core.Tests\api.seatarranger.com.Core.Tests.csproj", "{99DB6410-41E6-47C3-94B5-2B1201FA4337}"
EndProject
Project("{FAE04EC0-301F-11D3-BF4B-00C04F79EFBC}") = "api.seatarranger.com.Core.Console", "api.seatarranger.com.Core.Console\api.seatarranger.com.Core.Console.csproj", "{5C1DDAE7-C872-47CB-8923-11AB65F12ECF}"
EndProject
Global
	GlobalSection(SolutionConfigurationPlatforms) = preSolution
		Debug|Any CPU = Debug|Any CPU
		Release|Any CPU = Release|Any CPU
	EndGlobalSection
	GlobalSection(ProjectConfigurationPlatforms) = postSolution
		{07346AF3-58C4-4936-970E-F513ED8003A1}.Debug|Any CPU.ActiveCfg = Debug|Any CPU
		{07346AF3-58C4-4936-970E-F513ED8003A1}.Debug|Any CPU.Build.0 = Debug|Any CPU
		{07346AF3-58C4-4936-970E-F513ED8003A1}.Release|Any CPU.ActiveCfg = Release|Any CPU
		{07346AF3-58C4-4936-970E-F513ED8003A1}.Release|Any CPU.Build.0 = Release|Any CPU
		{99DB6410-41E6-47C3-94B5-2B1201FA4337}.Debug|Any CPU.ActiveCfg = Debug|Any CPU
		{99DB6410-41E6-47C3-94B5-2B1201FA4337}.Debug|Any CPU.Build.0 = Debug|Any CPU
		{99DB6410-41E6-47C3-94B5-2B1201FA4337}.Release|Any CPU.ActiveCfg = Release|Any CPU
		{99DB6410-41E6-47C3-94B5-2B1201FA4337}.Release|Any CPU.Build.0 = Release|Any CPU
		{5C1DDAE7-C872-47CB-8923-11AB65F12ECF}.Debug|Any CPU.ActiveCfg = Debug|Any CPU
		{5C1DDAE7-C872-47CB-8923-11AB65F12ECF}.Debug|Any CPU.Build.0 = Debug|Any CPU
		{5C1DDAE7-C872-47CB-8923-11AB65F12ECF}.Release|Any CPU.ActiveCfg = Release|Any CPU
		{5C1DDAE7-C872-47CB-8923-11AB65F12ECF}.Release|Any CPU.Build.0 = Release|Any CPU
	EndGlobalSection
	GlobalSection(SolutionProperties) = preSolution
		HideSolutionNode = FALSE
	EndGlobalSection
	GlobalSection(ExtensibilityGlobals) = postSolution
		SolutionGuid = {F7B3A00E-83CB-43D5-88FA-E19335F39F83}
	EndGlobalSection
EndGlobal
