
Microsoft Visual Studio Solution File, Format Version 12.00
# Visual Studio 15
VisualStudioVersion = 15.0.27703.2047
MinimumVisualStudioVersion = 10.0.40219.1
Project("{9A19103F-16F7-4668-BE54-9A1E7A4F7556}") = "seatarranger.com", "src\seatarranger.com\seatarranger.com.csproj", "{6C4432AB-4CB0-4F1D-99ED-5D227429E510}"
EndProject
Project("{9A19103F-16F7-4668-BE54-9A1E7A4F7556}") = "seatarranger.com.Core", "src\seatarranger.com.Core\seatarranger.com.Core.csproj", "{45984B68-3240-4915-806B-E4F49935CE34}"
EndProject
Project("{9A19103F-16F7-4668-BE54-9A1E7A4F7556}") = "seatarranger.com.Core.Tests", "src\seatarranger.com.Core.Tests\seatarranger.com.Core.Tests.csproj", "{F8DBEB19-78B0-42C0-B505-B0DE9E25D5D8}"
EndProject
Project("{9A19103F-16F7-4668-BE54-9A1E7A4F7556}") = "seatarranger.com.Console", "src\seatarranger.com.Console\seatarranger.com.Console.csproj", "{B41572B0-E15B-4E65-9C38-51000AC43453}"
EndProject
Project("{E53339B2-1760-4266-BCC7-CA923CBCF16C}") = "docker-compose", "docker-compose.dcproj", "{C84DED65-DFE7-4C63-BF62-D85AA4D2A5C5}"
EndProject
Global
	GlobalSection(SolutionConfigurationPlatforms) = preSolution
		Debug|Any CPU = Debug|Any CPU
		Release|Any CPU = Release|Any CPU
	EndGlobalSection
	GlobalSection(ProjectConfigurationPlatforms) = postSolution
		{6C4432AB-4CB0-4F1D-99ED-5D227429E510}.Debug|Any CPU.ActiveCfg = Debug|Any CPU
		{6C4432AB-4CB0-4F1D-99ED-5D227429E510}.Debug|Any CPU.Build.0 = Debug|Any CPU
		{6C4432AB-4CB0-4F1D-99ED-5D227429E510}.Release|Any CPU.ActiveCfg = Release|Any CPU
		{6C4432AB-4CB0-4F1D-99ED-5D227429E510}.Release|Any CPU.Build.0 = Release|Any CPU
		{45984B68-3240-4915-806B-E4F49935CE34}.Debug|Any CPU.ActiveCfg = Debug|Any CPU
		{45984B68-3240-4915-806B-E4F49935CE34}.Debug|Any CPU.Build.0 = Debug|Any CPU
		{45984B68-3240-4915-806B-E4F49935CE34}.Release|Any CPU.ActiveCfg = Release|Any CPU
		{45984B68-3240-4915-806B-E4F49935CE34}.Release|Any CPU.Build.0 = Release|Any CPU
		{F8DBEB19-78B0-42C0-B505-B0DE9E25D5D8}.Debug|Any CPU.ActiveCfg = Debug|Any CPU
		{F8DBEB19-78B0-42C0-B505-B0DE9E25D5D8}.Debug|Any CPU.Build.0 = Debug|Any CPU
		{F8DBEB19-78B0-42C0-B505-B0DE9E25D5D8}.Release|Any CPU.ActiveCfg = Release|Any CPU
		{F8DBEB19-78B0-42C0-B505-B0DE9E25D5D8}.Release|Any CPU.Build.0 = Release|Any CPU
		{B41572B0-E15B-4E65-9C38-51000AC43453}.Debug|Any CPU.ActiveCfg = Debug|Any CPU
		{B41572B0-E15B-4E65-9C38-51000AC43453}.Debug|Any CPU.Build.0 = Debug|Any CPU
		{B41572B0-E15B-4E65-9C38-51000AC43453}.Release|Any CPU.ActiveCfg = Release|Any CPU
		{B41572B0-E15B-4E65-9C38-51000AC43453}.Release|Any CPU.Build.0 = Release|Any CPU
		{C84DED65-DFE7-4C63-BF62-D85AA4D2A5C5}.Debug|Any CPU.ActiveCfg = Debug|Any CPU
		{C84DED65-DFE7-4C63-BF62-D85AA4D2A5C5}.Debug|Any CPU.Build.0 = Debug|Any CPU
		{C84DED65-DFE7-4C63-BF62-D85AA4D2A5C5}.Release|Any CPU.ActiveCfg = Release|Any CPU
		{C84DED65-DFE7-4C63-BF62-D85AA4D2A5C5}.Release|Any CPU.Build.0 = Release|Any CPU
	EndGlobalSection
	GlobalSection(SolutionProperties) = preSolution
		HideSolutionNode = FALSE
	EndGlobalSection
	GlobalSection(ExtensibilityGlobals) = postSolution
		SolutionGuid = {F7B3A00E-83CB-43D5-88FA-E19335F39F83}
	EndGlobalSection
EndGlobal
